<?xml version="1.0" encoding="utf-8"?>
<Project ToolsVersion="4.0" xmlns="http://schemas.microsoft.com/developer/msbuild/2003">
  <ItemGroup>
    <Filter Include="Source Files">
      <UniqueIdentifier>{4FC737F1-C7A5-4376-A066-2A32D752A2FF}</UniqueIdentifier>
      <Extensions>cpp;c;cc;cxx;def;odl;idl;hpj;bat;asm;asmx</Extensions>
    </Filter>
    <Filter Include="Header Files">
      <UniqueIdentifier>{93995380-89BD-4b04-88EB-625FBE52EBFB}</UniqueIdentifier>
      <Extensions>h;hpp;hxx;hm;inl;inc;xsd</Extensions>
    </Filter>
    <Filter Include="Resource Files">
      <UniqueIdentifier>{67DA6AB6-F800-4c08-8B7A-83BB121AAD01}</UniqueIdentifier>
      <Extensions>rc;ico;cur;bmp;dlg;rc2;rct;bin;rgs;gif;jpg;jpeg;jpe;resx;tiff;tif;png;wav;mfcribbon-ms</Extensions>
    </Filter>
    <Filter Include="Resource Files\Shaders">
      <UniqueIdentifier>{122c6596-f33b-4284-bb1e-4402c2f1e2d9}</UniqueIdentifier>
    </Filter>
    <Filter Include="Resource Files\Shaders\Vertex">
      <UniqueIdentifier>{682f7a3a-044d-4014-9317-38ba792e307a}</UniqueIdentifier>
    </Filter>
    <Filter Include="Resource Files\Shaders\Fragment">
      <UniqueIdentifier>{d5c36b6a-e0db-44b4-a2b2-cd29c880e45c}</UniqueIdentifier>
    </Filter>
    <Filter Include="Resource Files\Assets">
      <UniqueIdentifier>{cb7c4d9b-7216-430b-9f63-6a5813e70519}</UniqueIdentifier>
    </Filter>
  </ItemGroup>
  <ItemGroup>
    <ClCompile Include="Source\Main.cpp">
      <Filter>Source Files</Filter>
    </ClCompile>
    <ClCompile Include="Source\Scripts\AsteroidSpawningScript.cpp">
      <Filter>Source Files</Filter>
    </ClCompile>
    <ClCompile Include="Source\Levels\SpaceLevel.cpp">
      <Filter>Source Files</Filter>
    </ClCompile>
    <ClCompile Include="Source\Factories\GameScreenFactory.cpp">
      <Filter>Source Files</Filter>
    </ClCompile>
  </ItemGroup>
  <ItemGroup>
    <None Include="Resources\Vertex Shaders\sprite.vert" />
    <None Include="Resources\Vertex Shaders\text.vert" />
    <None Include="Resources\Fragment Shaders\sprite.frag">
      <Filter>Resource Files\Shaders\Fragment</Filter>
    </None>
    <None Include="Resources\Fragment Shaders\text.frag" />
  </ItemGroup>
  <ItemGroup>
    <Image Include="Resources\Textures\Backgrounds\RainbowNebula.png">
      <Filter>Resource Files</Filter>
    </Image>
    <Image Include="Resources\Textures\Sprites\Asteroids\AsteroidHuge.png">
      <Filter>Resource Files</Filter>
    </Image>
    <Image Include="Resources\Textures\Sprites\Asteroids\AsteroidLarge.png">
      <Filter>Resource Files</Filter>
    </Image>
    <Image Include="Resources\Textures\Sprites\Asteroids\AsteroidSmall.png">
      <Filter>Resource Files</Filter>
    </Image>
    <Image Include="Resources\Textures\Sprites\Asteroids\AsteroidTiny.png">
      <Filter>Resource Files</Filter>
    </Image>
    <Image Include="Resources\Textures\Sprites\Icons\SpawnPoint.png">
      <Filter>Resource Files</Filter>
    </Image>
    <Image Include="Resources\Textures\Sprites\Spawn Points\NavBuoy.png">
      <Filter>Resource Files</Filter>
    </Image>
    <Image Include="Resources\Textures\Sprites\UI\ButtonDefault.png">
      <Filter>Resource Files</Filter>
    </Image>
    <Image Include="Resources\Textures\Sprites\UI\ButtonHighlighted.png">
      <Filter>Resource Files</Filter>
    </Image>
    <Image Include="Resources\Textures\Sprites\UI\ButtonPressed.png">
      <Filter>Resource Files</Filter>
    </Image>
    <Image Include="Resources\Textures\Sprites\UI\Rectangle.png">
      <Filter>Resource Files</Filter>
    </Image>
    <Image Include="Resources\Textures\ChainBlasterFrame0.png">
      <Filter>Resource Files</Filter>
    </Image>
    <Image Include="Resources\Textures\ChainBlasterFrame1.png">
      <Filter>Resource Files</Filter>
    </Image>
    <Image Include="Resources\Textures\ChainBlasterFrame2.png">
      <Filter>Resource Files</Filter>
    </Image>
    <Image Include="Resources\Textures\Fiirkan.png">
      <Filter>Resource Files</Filter>
    </Image>
    <Image Include="Resources\Textures\GreenLaserRay.png">
      <Filter>Resource Files</Filter>
    </Image>
    <Image Include="Resources\Textures\HellfireMissile.png">
      <Filter>Resource Files</Filter>
    </Image>
    <Image Include="Resources\Textures\HellfireMissileTurret.png">
      <Filter>Resource Files</Filter>
    </Image>
    <Image Include="Resources\Textures\Logo.png">
      <Filter>Resource Files</Filter>
    </Image>
  </ItemGroup>
  <ItemGroup>
    <ClInclude Include="Headers\Scripts\AsteroidSpawningScript.h">
      <Filter>Header Files</Filter>
    </ClInclude>
    <ClInclude Include="Headers\Levels\SpaceLevel.h">
      <Filter>Header Files</Filter>
    </ClInclude>
    <ClInclude Include="Headers\Factories\GameScreenFactory.h">
      <Filter>Header Files</Filter>
    </ClInclude>
  </ItemGroup>
  <ItemGroup>
    <Media Include="Resources\Audio\ButtonHover.wav">
      <Filter>Resource Files</Filter>
    </Media>
    <Media Include="Resources\Audio\ButtonPressed.wav">
      <Filter>Resource Files</Filter>
    </Media>
    <Media Include="Resources\Audio\HorrorOfSelf.wav">
      <Filter>Resource Files</Filter>
    </Media>
  </ItemGroup>
  <ItemGroup>
    <Xml Include="Resources\Data\AsteroidLevel.xml" />
  </ItemGroup>
  <ItemGroup>
    <Font Include="Resources\Fonts\arial.ttf" />
  </ItemGroup>
</Project>