<?xml version="1.0" encoding="utf-8"?>
<Project ToolsVersion="4.0" xmlns="http://schemas.microsoft.com/developer/msbuild/2003">
  <ItemGroup>
    <Filter Include="Source Files">
      <UniqueIdentifier>{4FC737F1-C7A5-4376-A066-2A32D752A2FF}</UniqueIdentifier>
      <Extensions>cpp;c;cc;cxx;def;odl;idl;hpj;bat;asm;asmx</Extensions>
    </Filter>
    <Filter Include="Header Files">
      <UniqueIdentifier>{93995380-89BD-4b04-88EB-625FBE52EBFB}</UniqueIdentifier>
      <Extensions>h;hpp;hxx;hm;inl;inc;xsd</Extensions>
    </Filter>
    <Filter Include="Resource Files">
      <UniqueIdentifier>{67DA6AB6-F800-4c08-8B7A-83BB121AAD01}</UniqueIdentifier>
      <Extensions>rc;ico;cur;bmp;dlg;rc2;rct;bin;rgs;gif;jpg;jpeg;jpe;resx;tiff;tif;png;wav;mfcribbon-ms</Extensions>
    </Filter>
    <Filter Include="Resource Files\Shaders">
      <UniqueIdentifier>{122c6596-f33b-4284-bb1e-4402c2f1e2d9}</UniqueIdentifier>
    </Filter>
    <Filter Include="Resource Files\Shaders\Vertex">
      <UniqueIdentifier>{682f7a3a-044d-4014-9317-38ba792e307a}</UniqueIdentifier>
    </Filter>
    <Filter Include="Resource Files\Shaders\Fragment">
      <UniqueIdentifier>{d5c36b6a-e0db-44b4-a2b2-cd29c880e45c}</UniqueIdentifier>
    </Filter>
    <Filter Include="Resource Files\Assets">
      <UniqueIdentifier>{cb7c4d9b-7216-430b-9f63-6a5813e70519}</UniqueIdentifier>
    </Filter>
  </ItemGroup>
  <ItemGroup>
    <ClCompile Include="Source\Main.cpp">
      <Filter>Source Files</Filter>
    </ClCompile>
    <ClCompile Include="Source\Debugging\Logging\ErrorLogger.cpp">
      <Filter>Source Files</Filter>
    </ClCompile>
    <ClCompile Include="Source\Debugging\Logging\Logger.cpp">
      <Filter>Source Files</Filter>
    </ClCompile>
    <ClCompile Include="Source\Debugging\Profiling\Profiler.cpp">
      <Filter>Source Files</Filter>
    </ClCompile>
    <ClCompile Include="Source\Debugging\DebugManager.cpp">
      <Filter>Source Files</Filter>
    </ClCompile>
    <ClCompile Include="Source\Game\GameManager.cpp">
      <Filter>Source Files</Filter>
    </ClCompile>
    <ClCompile Include="Source\Input\Keyboard\Keyboard.cpp">
      <Filter>Source Files</Filter>
    </ClCompile>
    <ClCompile Include="Source\Input\Keyboard\NullKeyboard.cpp">
      <Filter>Source Files</Filter>
    </ClCompile>
    <ClCompile Include="Source\Input\Mouse\Mouse.cpp">
      <Filter>Source Files</Filter>
    </ClCompile>
    <ClCompile Include="Source\Input\Mouse\NullMouse.cpp">
      <Filter>Source Files</Filter>
    </ClCompile>
    <ClCompile Include="Source\Input\InputManager.cpp">
      <Filter>Source Files</Filter>
    </ClCompile>
    <ClCompile Include="Source\Memory\AlignedAllocator.cpp">
      <Filter>Source Files</Filter>
    </ClCompile>
    <ClCompile Include="Source\Resources\ResourceManager.cpp">
      <Filter>Source Files</Filter>
    </ClCompile>
    <ClCompile Include="Source\Resources\Shader.cpp">
      <Filter>Source Files</Filter>
    </ClCompile>
    <ClCompile Include="Source\Resources\Texture2D.cpp">
      <Filter>Source Files</Filter>
    </ClCompile>
    <ClCompile Include="Source\Time\Clock.cpp">
      <Filter>Source Files</Filter>
    </ClCompile>
    <ClCompile Include="Source\stdafx.cpp">
      <Filter>Source Files</Filter>
    </ClCompile>
    <ClCompile Include="Source\Rendering\RenderManager.cpp">
      <Filter>Source Files</Filter>
    </ClCompile>
    <ClCompile Include="Source\Rendering\SpriteRenderer.cpp">
      <Filter>Source Files</Filter>
    </ClCompile>
    <ClCompile Include="Source\Viewport\OpenGLViewport.cpp">
      <Filter>Source Files</Filter>
    </ClCompile>
    <ClCompile Include="Source\Viewport\Camera.cpp">
      <Filter>Source Files</Filter>
    </ClCompile>
    <ClCompile Include="Source\Maths\Transform.cpp">
      <Filter>Source Files</Filter>
    </ClCompile>
    <ClCompile Include="Source\Objects\Component.cpp">
      <Filter>Source Files</Filter>
    </ClCompile>
    <ClCompile Include="Source\Objects\GameObject.cpp">
      <Filter>Source Files</Filter>
    </ClCompile>
    <ClCompile Include="Source\Screens\Screen.cpp">
      <Filter>Source Files</Filter>
    </ClCompile>
    <ClCompile Include="Source\Screens\ScreenManager.cpp">
      <Filter>Source Files</Filter>
    </ClCompile>
    <ClCompile Include="Source\Scripts\Script.cpp">
      <Filter>Source Files</Filter>
    </ClCompile>
    <ClCompile Include="Source\Scripts\ScriptManager.cpp">
      <Filter>Source Files</Filter>
    </ClCompile>
    <ClCompile Include="Source\Resources\Font.cpp">
      <Filter>Source Files</Filter>
    </ClCompile>
    <ClCompile Include="Source\Rendering\TextRenderer.cpp">
      <Filter>Source Files</Filter>
    </ClCompile>
    <ClCompile Include="Source\Input\MouseInteractionHandler.cpp">
      <Filter>Source Files</Filter>
    </ClCompile>
    <ClCompile Include="Source\Physics\Collider.cpp">
      <Filter>Source Files</Filter>
    </ClCompile>
    <ClCompile Include="Source\UI\UIManager.cpp">
      <Filter>Source Files</Filter>
    </ClCompile>
    <ClCompile Include="Source\Physics\RectangleCollider.cpp">
      <Filter>Source Files</Filter>
    </ClCompile>
    <ClCompile Include="Source\UI\Button.cpp">
      <Filter>Source Files</Filter>
    </ClCompile>
    <ClCompile Include="Source\Input\KeyboardMovementScript.cpp">
      <Filter>Source Files</Filter>
    </ClCompile>
    <ClCompile Include="Source\Factories\ScreenFactory.cpp">
      <Filter>Source Files</Filter>
    </ClCompile>
    <ClCompile Include="Source\Resources\LoadResourcesAsyncScript.cpp">
      <Filter>Source Files</Filter>
    </ClCompile>
    <ClCompile Include="Source\UI\Image.cpp">
      <Filter>Source Files</Filter>
    </ClCompile>
    <ClCompile Include="Source\UI\Label.cpp">
      <Filter>Source Files</Filter>
    </ClCompile>
    <ClCompile Include="Source\Objects\UIObject.cpp">
      <Filter>Source Files</Filter>
    </ClCompile>
    <ClCompile Include="Source\UI\StackPanel.cpp">
      <Filter>Source Files</Filter>
    </ClCompile>
    <ClCompile Include="Source\Rendering\Renderer.cpp">
      <Filter>Source Files</Filter>
    </ClCompile>
    <ClCompile Include="Source\Resources\Audio.cpp">
      <Filter>Source Files</Filter>
    </ClCompile>
    <ClCompile Include="Source\Audio\AudioSource.cpp">
      <Filter>Source Files</Filter>
    </ClCompile>
    <ClCompile Include="Source\Audio\AudioManager.cpp">
      <Filter>Source Files</Filter>
    </ClCompile>
    <ClCompile Include="Source\Animation\StateMachine.cpp">
      <Filter>Source Files</Filter>
    </ClCompile>
    <ClCompile Include="Source\Animation\Animation.cpp">
      <Filter>Source Files</Filter>
    </ClCompile>
    <ClCompile Include="Source\Animation\AnimationState.cpp">
      <Filter>Source Files</Filter>
    </ClCompile>
    <ClCompile Include="Source\Scripts\AsteroidSpawningScript.cpp">
      <Filter>Source Files</Filter>
    </ClCompile>
    <ClCompile Include="Source\Physics\RigidBody2D.cpp">
      <Filter>Source Files</Filter>
    </ClCompile>
    <ClCompile Include="Source\Physics\PhysicsManager.cpp">
      <Filter>Source Files</Filter>
    </ClCompile>
    <ClCompile Include="Source\Maths\RandomGenerator.cpp">
      <Filter>Source Files</Filter>
    </ClCompile>
    <ClCompile Include="Source\Maths\Rectangle.cpp">
      <Filter>Source Files</Filter>
    </ClCompile>
    <ClCompile Include="Source\Resources\Data.cpp">
      <Filter>Source Files</Filter>
    </ClCompile>
    <ClCompile Include="Source\Levels\SpaceLevel.cpp">
      <Filter>Source Files</Filter>
    </ClCompile>
  </ItemGroup>
  <ItemGroup>
    <None Include="Assets\Shaders\Fragment\sprite.frag">
      <Filter>Resource Files\Shaders\Fragment</Filter>
    </None>
    <None Include="Assets\Shaders\Fragment\text.frag" />
    <None Include="Assets\Shaders\Vertex\sprite.vert" />
    <None Include="Assets\Shaders\Vertex\text.vert" />
  </ItemGroup>
  <ItemGroup>
    <Image Include="Assets\Textures\Fiirkan.png">
      <Filter>Resource Files</Filter>
    </Image>
    <Image Include="Assets\Textures\Logo.png">
      <Filter>Resource Files</Filter>
    </Image>
    <Image Include="Assets\Textures\GreenLaserRay.png">
      <Filter>Resource Files</Filter>
    </Image>
    <Image Include="Assets\Textures\ChainBlasterFrame0.png">
      <Filter>Resource Files</Filter>
    </Image>
    <Image Include="Assets\Textures\HellfireMissileTurret.png">
      <Filter>Resource Files</Filter>
    </Image>
    <Image Include="Assets\Textures\HellfireMissile.png">
      <Filter>Resource Files</Filter>
    </Image>
    <Image Include="Assets\Textures\ButtonDefaultOld.png">
      <Filter>Resource Files</Filter>
    </Image>
    <Image Include="Assets\Textures\ButtonHighlightedOld.png">
      <Filter>Resource Files</Filter>
    </Image>
    <Image Include="Assets\Textures\ButtonPressedOld.png">
      <Filter>Resource Files</Filter>
    </Image>
    <Image Include="Assets\Textures\ButtonDefault.png">
      <Filter>Resource Files</Filter>
    </Image>
    <Image Include="Assets\Textures\ButtonHighlighted.png">
      <Filter>Resource Files</Filter>
    </Image>
    <Image Include="Assets\Textures\ButtonPressed.png">
      <Filter>Resource Files</Filter>
    </Image>
    <Image Include="Assets\Textures\ChainBlasterFrame2.png">
      <Filter>Resource Files</Filter>
    </Image>
    <Image Include="Assets\Textures\ChainBlasterFrame1.png">
      <Filter>Resource Files</Filter>
    </Image>
    <Image Include="Assets\Textures\Backgrounds\RainbowNebula.png">
      <Filter>Resource Files</Filter>
    </Image>
    <Image Include="Assets\Textures\Sprites\Asteroids\AsteroidHuge.png">
      <Filter>Resource Files</Filter>
    </Image>
    <Image Include="Assets\Textures\Sprites\Asteroids\AsteroidLarge.png">
      <Filter>Resource Files</Filter>
    </Image>
    <Image Include="Assets\Textures\Sprites\Asteroids\AsteroidSmall.png">
      <Filter>Resource Files</Filter>
    </Image>
    <Image Include="Assets\Textures\Sprites\Asteroids\AsteroidTiny.png">
      <Filter>Resource Files</Filter>
    </Image>
    <Image Include="Assets\Textures\Sprites\Stations\NavBuoy.png">
      <Filter>Resource Files</Filter>
    </Image>
  </ItemGroup>
  <ItemGroup>
    <ClInclude Include="Headers\Debugging\Logging\ErrorLogger.h">
      <Filter>Header Files</Filter>
    </ClInclude>
    <ClInclude Include="Headers\Debugging\Logging\Logger.h">
      <Filter>Header Files</Filter>
    </ClInclude>
    <ClInclude Include="Headers\Debugging\Profiling\Profiler.h">
      <Filter>Header Files</Filter>
    </ClInclude>
    <ClInclude Include="Headers\Debugging\Profiling\ProfilingBlock.h">
      <Filter>Header Files</Filter>
    </ClInclude>
    <ClInclude Include="Headers\Debugging\DebugManager.h">
      <Filter>Header Files</Filter>
    </ClInclude>
    <ClInclude Include="Headers\Game\GameManager.h">
      <Filter>Header Files</Filter>
    </ClInclude>
    <ClInclude Include="Headers\Input\Keyboard\Keyboard.h">
      <Filter>Header Files</Filter>
    </ClInclude>
    <ClInclude Include="Headers\Input\Keyboard\NullKeyboard.h">
      <Filter>Header Files</Filter>
    </ClInclude>
    <ClInclude Include="Headers\Input\Mouse\Mouse.h">
      <Filter>Header Files</Filter>
    </ClInclude>
    <ClInclude Include="Headers\Input\Mouse\NullMouse.h">
      <Filter>Header Files</Filter>
    </ClInclude>
    <ClInclude Include="Headers\Input\InputManager.h">
      <Filter>Header Files</Filter>
    </ClInclude>
    <ClInclude Include="Headers\Memory\AlignedAllocator.h">
      <Filter>Header Files</Filter>
    </ClInclude>
    <ClInclude Include="Headers\Memory\DoubleBufferAllocator.h">
      <Filter>Header Files</Filter>
    </ClInclude>
    <ClInclude Include="Headers\Memory\PoolAllocator.h">
      <Filter>Header Files</Filter>
    </ClInclude>
    <ClInclude Include="Headers\OpenGL\TemporaryGLContext.h">
      <Filter>Header Files</Filter>
    </ClInclude>
    <ClInclude Include="Headers\Resources\ResourceManager.h">
      <Filter>Header Files</Filter>
    </ClInclude>
    <ClInclude Include="Headers\Resources\Shader.h">
      <Filter>Header Files</Filter>
    </ClInclude>
    <ClInclude Include="Headers\Resources\Texture2D.h">
      <Filter>Header Files</Filter>
    </ClInclude>
    <ClInclude Include="Headers\Time\Clock.h">
      <Filter>Header Files</Filter>
    </ClInclude>
    <ClInclude Include="Headers\stdafx.h">
      <Filter>Header Files</Filter>
    </ClInclude>
    <ClInclude Include="Headers\targetver.h">
      <Filter>Header Files</Filter>
    </ClInclude>
    <ClInclude Include="Headers\Rendering\RenderManager.h">
      <Filter>Header Files</Filter>
    </ClInclude>
    <ClInclude Include="Headers\Rendering\SpriteRenderer.h">
      <Filter>Header Files</Filter>
    </ClInclude>
    <ClInclude Include="Headers\Viewport\OpenGLViewport.h">
      <Filter>Header Files</Filter>
    </ClInclude>
    <ClInclude Include="Headers\Viewport\Camera.h">
      <Filter>Header Files</Filter>
    </ClInclude>
    <ClInclude Include="Headers\Maths\Transform.h">
      <Filter>Header Files</Filter>
    </ClInclude>
    <ClInclude Include="Headers\Objects\Component.h">
      <Filter>Header Files</Filter>
    </ClInclude>
    <ClInclude Include="Headers\Objects\GameObject.h">
      <Filter>Header Files</Filter>
    </ClInclude>
    <ClInclude Include="Headers\Screens\Screen.h">
      <Filter>Header Files</Filter>
    </ClInclude>
    <ClInclude Include="Headers\Screens\ScreenManager.h">
      <Filter>Header Files</Filter>
    </ClInclude>
    <ClInclude Include="Headers\Memory\ComponentAllocator.h">
      <Filter>Header Files</Filter>
    </ClInclude>
    <ClInclude Include="Headers\Memory\ComponentAllocatorIterator.h">
      <Filter>Header Files</Filter>
    </ClInclude>
    <ClInclude Include="Headers\Scripts\Script.h">
      <Filter>Header Files</Filter>
    </ClInclude>
    <ClInclude Include="Headers\Scripts\ScriptManager.h">
      <Filter>Header Files</Filter>
    </ClInclude>
    <ClInclude Include="Headers\Resources\Font.h">
      <Filter>Header Files</Filter>
    </ClInclude>
    <ClInclude Include="Headers\Rendering\TextRenderer.h">
      <Filter>Header Files</Filter>
    </ClInclude>
    <ClInclude Include="Headers\Memory\Handle.h">
      <Filter>Header Files</Filter>
    </ClInclude>
    <ClInclude Include="Headers\OpenGL\GLHeaders.h">
      <Filter>Header Files</Filter>
    </ClInclude>
    <ClInclude Include="Headers\Input\MouseInteractionHandler.h">
      <Filter>Header Files</Filter>
    </ClInclude>
    <ClInclude Include="Headers\Physics\Collider.h">
      <Filter>Header Files</Filter>
    </ClInclude>
    <ClInclude Include="Headers\UI\UIManager.h">
      <Filter>Header Files</Filter>
    </ClInclude>
    <ClInclude Include="Headers\Maths\Ray.h">
      <Filter>Header Files</Filter>
    </ClInclude>
    <ClInclude Include="Headers\Physics\RectangleCollider.h">
      <Filter>Header Files</Filter>
    </ClInclude>
    <ClInclude Include="Headers\UI\Button.h">
      <Filter>Header Files</Filter>
    </ClInclude>
    <ClInclude Include="Headers\Input\KeyboardMovementScript.h">
      <Filter>Header Files</Filter>
    </ClInclude>
    <ClInclude Include="Headers\Events\Event.h">
      <Filter>Header Files</Filter>
    </ClInclude>
    <ClInclude Include="Headers\Factories\ScreenFactory.h">
      <Filter>Header Files</Filter>
    </ClInclude>
    <ClInclude Include="Headers\Resources\LoadResourcesAsyncScript.h">
      <Filter>Header Files</Filter>
    </ClInclude>
    <ClInclude Include="Headers\UI\Image.h">
      <Filter>Header Files</Filter>
    </ClInclude>
    <ClInclude Include="Headers\Memory\GapAllocator.h">
      <Filter>Header Files</Filter>
    </ClInclude>
    <ClInclude Include="Headers\Memory\Allocator.h">
      <Filter>Header Files</Filter>
    </ClInclude>
    <ClInclude Include="Headers\Memory\AllocatorIterator.h">
      <Filter>Header Files</Filter>
    </ClInclude>
    <ClInclude Include="Headers\UI\Label.h">
      <Filter>Header Files</Filter>
    </ClInclude>
    <ClInclude Include="Headers\Objects\UIObject.h">
      <Filter>Header Files</Filter>
    </ClInclude>
    <ClInclude Include="Headers\UI\StackPanel.h">
      <Filter>Header Files</Filter>
    </ClInclude>
    <ClInclude Include="Headers\Rendering\Renderer.h">
      <Filter>Header Files</Filter>
    </ClInclude>
    <ClInclude Include="Headers\Resources\Audio.h">
      <Filter>Header Files</Filter>
    </ClInclude>
    <ClInclude Include="Headers\Audio\AudioSource.h">
      <Filter>Header Files</Filter>
    </ClInclude>
    <ClInclude Include="Headers\Audio\AudioManager.h">
      <Filter>Header Files</Filter>
    </ClInclude>
    <ClInclude Include="Headers\Animation\StateMachine.h">
      <Filter>Header Files</Filter>
    </ClInclude>
    <ClInclude Include="Headers\Animation\Animation.h">
      <Filter>Header Files</Filter>
    </ClInclude>
    <ClInclude Include="Headers\Animation\AnimationState.h">
      <Filter>Header Files</Filter>
    </ClInclude>
    <ClInclude Include="Headers\Scripts\AsteroidSpawningScript.h">
      <Filter>Header Files</Filter>
    </ClInclude>
    <ClInclude Include="Headers\Physics\RigidBody2D.h">
      <Filter>Header Files</Filter>
    </ClInclude>
    <ClInclude Include="Headers\Physics\PhysicsManager.h">
      <Filter>Header Files</Filter>
    </ClInclude>
    <ClInclude Include="Headers\Maths\RandomGenerator.h">
      <Filter>Header Files</Filter>
    </ClInclude>
    <ClInclude Include="Headers\Maths\Rectangle.h">
      <Filter>Header Files</Filter>
    </ClInclude>
    <ClInclude Include="Headers\Resources\Data.h">
      <Filter>Header Files</Filter>
    </ClInclude>
    <ClInclude Include="Headers\Levels\SpaceLevel.h">
      <Filter>Header Files</Filter>
    </ClInclude>
  </ItemGroup>
  <ItemGroup>
    <Font Include="Assets\Fonts\arial.ttf" />
  </ItemGroup>
  <ItemGroup>
    <Media Include="Assets\Audio\ButtonHover.wav">
      <Filter>Resource Files</Filter>
    </Media>
    <Media Include="Assets\Audio\HorrorOfSelf.wav">
      <Filter>Resource Files</Filter>
    </Media>
    <Media Include="Assets\Audio\ButtonPressed.wav">
      <Filter>Resource Files</Filter>
    </Media>
  </ItemGroup>
  <ItemGroup>
    <Xml Include="Assets\Data\AsteroidLevel.xml" />
  </ItemGroup>
</Project>