
Microsoft Visual Studio Solution File, Format Version 12.00
# Visual Studio 14
VisualStudioVersion = 14.0.25420.1
MinimumVisualStudioVersion = 10.0.40219.1
Project("{8BC9CEB8-8B4A-11D0-8D11-00A0C91BC942}") = "OpenGL", "OpenGL\OpenGL.vcxproj", "{7FF626A5-BD48-43BA-BAB3-B06426F9D854}"
	ProjectSection(ProjectDependencies) = postProject
		{A9FC9D74-FAD8-4C85-8D7A-44FEB1F0E559} = {A9FC9D74-FAD8-4C85-8D7A-44FEB1F0E559}
		{7CB5F0D1-F3E9-4323-8DD5-D2B7CC98B0F3} = {7CB5F0D1-F3E9-4323-8DD5-D2B7CC98B0F3}
	EndProjectSection
EndProject
Project("{8BC9CEB8-8B4A-11D0-8D11-00A0C91BC942}") = "Engine", "..\Engine\Engine.vcxproj", "{A9FC9D74-FAD8-4C85-8D7A-44FEB1F0E559}"
	ProjectSection(ProjectDependencies) = postProject
		{7CB5F0D1-F3E9-4323-8DD5-D2B7CC98B0F3} = {7CB5F0D1-F3E9-4323-8DD5-D2B7CC98B0F3}
	EndProjectSection
EndProject
Project("{8BC9CEB8-8B4A-11D0-8D11-00A0C91BC942}") = "TestEngine", "..\TestEngine\TestEngine.vcxproj", "{7E98CFB2-61D5-4CEB-90B6-B9A4E0E392DB}"
	ProjectSection(ProjectDependencies) = postProject
		{7F06E53E-178C-4E7E-8F24-061F18AA402A} = {7F06E53E-178C-4E7E-8F24-061F18AA402A}
		{A9FC9D74-FAD8-4C85-8D7A-44FEB1F0E559} = {A9FC9D74-FAD8-4C85-8D7A-44FEB1F0E559}
		{7CB5F0D1-F3E9-4323-8DD5-D2B7CC98B0F3} = {7CB5F0D1-F3E9-4323-8DD5-D2B7CC98B0F3}
	EndProjectSection
EndProject
Project("{2150E333-8FDC-42A3-9474-1A3956D46DE8}") = "Testing", "Testing", "{4F5F8855-63D0-438A-81F9-EB06DF585635}"
EndProject
Project("{8BC9CEB8-8B4A-11D0-8D11-00A0C91BC942}") = "TestKernel", "..\TestKernel\TestKernel.vcxproj", "{7F06E53E-178C-4E7E-8F24-061F18AA402A}"
	ProjectSection(ProjectDependencies) = postProject
		{7CB5F0D1-F3E9-4323-8DD5-D2B7CC98B0F3} = {7CB5F0D1-F3E9-4323-8DD5-D2B7CC98B0F3}
	EndProjectSection
EndProject
Project("{8BC9CEB8-8B4A-11D0-8D11-00A0C91BC942}") = "Kernel", "..\Kernel\Kernel.vcxproj", "{7CB5F0D1-F3E9-4323-8DD5-D2B7CC98B0F3}"
EndProject
Global
	GlobalSection(SolutionConfigurationPlatforms) = preSolution
		Debug|Win32 = Debug|Win32
		Debug|x64 = Debug|x64
		Release|Win32 = Release|Win32
		Release|x64 = Release|x64
	EndGlobalSection
	GlobalSection(ProjectConfigurationPlatforms) = postSolution
		{7FF626A5-BD48-43BA-BAB3-B06426F9D854}.Debug|Win32.ActiveCfg = Debug|Win32
		{7FF626A5-BD48-43BA-BAB3-B06426F9D854}.Debug|Win32.Build.0 = Debug|Win32
		{7FF626A5-BD48-43BA-BAB3-B06426F9D854}.Debug|x64.ActiveCfg = Debug|Win32
		{7FF626A5-BD48-43BA-BAB3-B06426F9D854}.Release|Win32.ActiveCfg = Release|Win32
		{7FF626A5-BD48-43BA-BAB3-B06426F9D854}.Release|Win32.Build.0 = Release|Win32
		{7FF626A5-BD48-43BA-BAB3-B06426F9D854}.Release|x64.ActiveCfg = Release|Win32
		{A9FC9D74-FAD8-4C85-8D7A-44FEB1F0E559}.Debug|Win32.ActiveCfg = Debug|Win32
		{A9FC9D74-FAD8-4C85-8D7A-44FEB1F0E559}.Debug|Win32.Build.0 = Debug|Win32
		{A9FC9D74-FAD8-4C85-8D7A-44FEB1F0E559}.Debug|x64.ActiveCfg = Debug|x64
		{A9FC9D74-FAD8-4C85-8D7A-44FEB1F0E559}.Debug|x64.Build.0 = Debug|x64
		{A9FC9D74-FAD8-4C85-8D7A-44FEB1F0E559}.Release|Win32.ActiveCfg = Release|Win32
		{A9FC9D74-FAD8-4C85-8D7A-44FEB1F0E559}.Release|Win32.Build.0 = Release|Win32
		{A9FC9D74-FAD8-4C85-8D7A-44FEB1F0E559}.Release|x64.ActiveCfg = Release|x64
		{A9FC9D74-FAD8-4C85-8D7A-44FEB1F0E559}.Release|x64.Build.0 = Release|x64
		{7E98CFB2-61D5-4CEB-90B6-B9A4E0E392DB}.Debug|Win32.ActiveCfg = Debug|Win32
		{7E98CFB2-61D5-4CEB-90B6-B9A4E0E392DB}.Debug|Win32.Build.0 = Debug|Win32
		{7E98CFB2-61D5-4CEB-90B6-B9A4E0E392DB}.Debug|x64.ActiveCfg = Debug|x64
		{7E98CFB2-61D5-4CEB-90B6-B9A4E0E392DB}.Debug|x64.Build.0 = Debug|x64
		{7E98CFB2-61D5-4CEB-90B6-B9A4E0E392DB}.Release|Win32.ActiveCfg = Release|Win32
		{7E98CFB2-61D5-4CEB-90B6-B9A4E0E392DB}.Release|Win32.Build.0 = Release|Win32
		{7E98CFB2-61D5-4CEB-90B6-B9A4E0E392DB}.Release|x64.ActiveCfg = Release|x64
		{7E98CFB2-61D5-4CEB-90B6-B9A4E0E392DB}.Release|x64.Build.0 = Release|x64
		{7F06E53E-178C-4E7E-8F24-061F18AA402A}.Debug|Win32.ActiveCfg = Debug|Win32
		{7F06E53E-178C-4E7E-8F24-061F18AA402A}.Debug|Win32.Build.0 = Debug|Win32
		{7F06E53E-178C-4E7E-8F24-061F18AA402A}.Debug|x64.ActiveCfg = Debug|x64
		{7F06E53E-178C-4E7E-8F24-061F18AA402A}.Debug|x64.Build.0 = Debug|x64
		{7F06E53E-178C-4E7E-8F24-061F18AA402A}.Release|Win32.ActiveCfg = Release|Win32
		{7F06E53E-178C-4E7E-8F24-061F18AA402A}.Release|Win32.Build.0 = Release|Win32
		{7F06E53E-178C-4E7E-8F24-061F18AA402A}.Release|x64.ActiveCfg = Release|x64
		{7F06E53E-178C-4E7E-8F24-061F18AA402A}.Release|x64.Build.0 = Release|x64
		{7CB5F0D1-F3E9-4323-8DD5-D2B7CC98B0F3}.Debug|Win32.ActiveCfg = Debug|Win32
		{7CB5F0D1-F3E9-4323-8DD5-D2B7CC98B0F3}.Debug|Win32.Build.0 = Debug|Win32
		{7CB5F0D1-F3E9-4323-8DD5-D2B7CC98B0F3}.Debug|x64.ActiveCfg = Debug|x64
		{7CB5F0D1-F3E9-4323-8DD5-D2B7CC98B0F3}.Debug|x64.Build.0 = Debug|x64
		{7CB5F0D1-F3E9-4323-8DD5-D2B7CC98B0F3}.Release|Win32.ActiveCfg = Release|Win32
		{7CB5F0D1-F3E9-4323-8DD5-D2B7CC98B0F3}.Release|Win32.Build.0 = Release|Win32
		{7CB5F0D1-F3E9-4323-8DD5-D2B7CC98B0F3}.Release|x64.ActiveCfg = Release|x64
		{7CB5F0D1-F3E9-4323-8DD5-D2B7CC98B0F3}.Release|x64.Build.0 = Release|x64
	EndGlobalSection
	GlobalSection(SolutionProperties) = preSolution
		HideSolutionNode = FALSE
	EndGlobalSection
	GlobalSection(NestedProjects) = preSolution
		{7E98CFB2-61D5-4CEB-90B6-B9A4E0E392DB} = {4F5F8855-63D0-438A-81F9-EB06DF585635}
		{7F06E53E-178C-4E7E-8F24-061F18AA402A} = {4F5F8855-63D0-438A-81F9-EB06DF585635}
	EndGlobalSection
EndGlobal
