
Microsoft Visual Studio Solution File, Format Version 12.00
# Visual Studio 15
VisualStudioVersion = 15.0.26430.15
MinimumVisualStudioVersion = 10.0.40219.1
Project("{8BC9CEB8-8B4A-11D0-8D11-00A0C91BC942}") = "SpaceGame", "OpenGL\OpenGL.vcxproj", "{7FF626A5-BD48-43BA-BAB3-B06426F9D854}"
	ProjectSection(ProjectDependencies) = postProject
		{E9980A8D-828E-44F0-978E-A57ABC348F47} = {E9980A8D-828E-44F0-978E-A57ABC348F47}
	EndProjectSection
EndProject
Project("{2150E333-8FDC-42A3-9474-1A3956D46DE8}") = "Testing", "Testing", "{4F5F8855-63D0-438A-81F9-EB06DF585635}"
EndProject
Project("{8BC9CEB8-8B4A-11D0-8D11-00A0C91BC942}") = "CelesteEnginePlus", "..\..\CelesteEnginePlus\CelesteEnginePlus\CelesteEnginePlus.vcxproj", "{E9980A8D-828E-44F0-978E-A57ABC348F47}"
EndProject
Project("{8BC9CEB8-8B4A-11D0-8D11-00A0C91BC942}") = "TestCelesteEnginePlus", "..\..\CelesteEnginePlus\TestCelesteEnginePlus\TestCelesteEnginePlus.vcxproj", "{E07541B6-55FF-4134-B937-1C62821EE5FB}"
	ProjectSection(ProjectDependencies) = postProject
		{7F06E53E-178C-4E7E-8F24-061F18AA402A} = {7F06E53E-178C-4E7E-8F24-061F18AA402A}
		{E9980A8D-828E-44F0-978E-A57ABC348F47} = {E9980A8D-828E-44F0-978E-A57ABC348F47}
	EndProjectSection
EndProject
Project("{8BC9CEB8-8B4A-11D0-8D11-00A0C91BC942}") = "TestUtils", "..\..\CelesteEnginePlus\TestUtils\TestUtils.vcxproj", "{7F06E53E-178C-4E7E-8F24-061F18AA402A}"
	ProjectSection(ProjectDependencies) = postProject
		{E9980A8D-828E-44F0-978E-A57ABC348F47} = {E9980A8D-828E-44F0-978E-A57ABC348F47}
	EndProjectSection
EndProject
Project("{8BC9CEB8-8B4A-11D0-8D11-00A0C91BC942}") = "TestSpaceGame", "TestSpaceGame\TestSpaceGame.vcxproj", "{AEE1891B-4CF1-4EC1-A3B6-10552F4D569D}"
	ProjectSection(ProjectDependencies) = postProject
		{7F06E53E-178C-4E7E-8F24-061F18AA402A} = {7F06E53E-178C-4E7E-8F24-061F18AA402A}
		{E9980A8D-828E-44F0-978E-A57ABC348F47} = {E9980A8D-828E-44F0-978E-A57ABC348F47}
		{7FF626A5-BD48-43BA-BAB3-B06426F9D854} = {7FF626A5-BD48-43BA-BAB3-B06426F9D854}
	EndProjectSection
EndProject
Global
	GlobalSection(SolutionConfigurationPlatforms) = preSolution
		Debug|Win32 = Debug|Win32
		Debug|x64 = Debug|x64
		Release|Win32 = Release|Win32
		Release|x64 = Release|x64
	EndGlobalSection
	GlobalSection(ProjectConfigurationPlatforms) = postSolution
		{7FF626A5-BD48-43BA-BAB3-B06426F9D854}.Debug|Win32.ActiveCfg = Debug|Win32
		{7FF626A5-BD48-43BA-BAB3-B06426F9D854}.Debug|Win32.Build.0 = Debug|Win32
		{7FF626A5-BD48-43BA-BAB3-B06426F9D854}.Debug|x64.ActiveCfg = Debug|Win32
		{7FF626A5-BD48-43BA-BAB3-B06426F9D854}.Release|Win32.ActiveCfg = Release|Win32
		{7FF626A5-BD48-43BA-BAB3-B06426F9D854}.Release|Win32.Build.0 = Release|Win32
		{7FF626A5-BD48-43BA-BAB3-B06426F9D854}.Release|x64.ActiveCfg = Release|Win32
		{E9980A8D-828E-44F0-978E-A57ABC348F47}.Debug|Win32.ActiveCfg = Debug|Win32
		{E9980A8D-828E-44F0-978E-A57ABC348F47}.Debug|Win32.Build.0 = Debug|Win32
		{E9980A8D-828E-44F0-978E-A57ABC348F47}.Debug|x64.ActiveCfg = Debug|x64
		{E9980A8D-828E-44F0-978E-A57ABC348F47}.Debug|x64.Build.0 = Debug|x64
		{E9980A8D-828E-44F0-978E-A57ABC348F47}.Release|Win32.ActiveCfg = Release|Win32
		{E9980A8D-828E-44F0-978E-A57ABC348F47}.Release|Win32.Build.0 = Release|Win32
		{E9980A8D-828E-44F0-978E-A57ABC348F47}.Release|x64.ActiveCfg = Release|x64
		{E9980A8D-828E-44F0-978E-A57ABC348F47}.Release|x64.Build.0 = Release|x64
		{E07541B6-55FF-4134-B937-1C62821EE5FB}.Debug|Win32.ActiveCfg = Debug|Win32
		{E07541B6-55FF-4134-B937-1C62821EE5FB}.Debug|Win32.Build.0 = Debug|Win32
		{E07541B6-55FF-4134-B937-1C62821EE5FB}.Debug|x64.ActiveCfg = Debug|x64
		{E07541B6-55FF-4134-B937-1C62821EE5FB}.Debug|x64.Build.0 = Debug|x64
		{E07541B6-55FF-4134-B937-1C62821EE5FB}.Release|Win32.ActiveCfg = Release|Win32
		{E07541B6-55FF-4134-B937-1C62821EE5FB}.Release|Win32.Build.0 = Release|Win32
		{E07541B6-55FF-4134-B937-1C62821EE5FB}.Release|x64.ActiveCfg = Release|x64
		{E07541B6-55FF-4134-B937-1C62821EE5FB}.Release|x64.Build.0 = Release|x64
		{7F06E53E-178C-4E7E-8F24-061F18AA402A}.Debug|Win32.ActiveCfg = Debug|Win32
		{7F06E53E-178C-4E7E-8F24-061F18AA402A}.Debug|Win32.Build.0 = Debug|Win32
		{7F06E53E-178C-4E7E-8F24-061F18AA402A}.Debug|x64.ActiveCfg = Debug|x64
		{7F06E53E-178C-4E7E-8F24-061F18AA402A}.Debug|x64.Build.0 = Debug|x64
		{7F06E53E-178C-4E7E-8F24-061F18AA402A}.Release|Win32.ActiveCfg = Release|Win32
		{7F06E53E-178C-4E7E-8F24-061F18AA402A}.Release|Win32.Build.0 = Release|Win32
		{7F06E53E-178C-4E7E-8F24-061F18AA402A}.Release|x64.ActiveCfg = Release|x64
		{7F06E53E-178C-4E7E-8F24-061F18AA402A}.Release|x64.Build.0 = Release|x64
		{AEE1891B-4CF1-4EC1-A3B6-10552F4D569D}.Debug|Win32.ActiveCfg = Debug|Win32
		{AEE1891B-4CF1-4EC1-A3B6-10552F4D569D}.Debug|Win32.Build.0 = Debug|Win32
		{AEE1891B-4CF1-4EC1-A3B6-10552F4D569D}.Debug|x64.ActiveCfg = Debug|x64
		{AEE1891B-4CF1-4EC1-A3B6-10552F4D569D}.Debug|x64.Build.0 = Debug|x64
		{AEE1891B-4CF1-4EC1-A3B6-10552F4D569D}.Release|Win32.ActiveCfg = Release|Win32
		{AEE1891B-4CF1-4EC1-A3B6-10552F4D569D}.Release|Win32.Build.0 = Release|Win32
		{AEE1891B-4CF1-4EC1-A3B6-10552F4D569D}.Release|x64.ActiveCfg = Release|x64
		{AEE1891B-4CF1-4EC1-A3B6-10552F4D569D}.Release|x64.Build.0 = Release|x64
	EndGlobalSection
	GlobalSection(SolutionProperties) = preSolution
		HideSolutionNode = FALSE
	EndGlobalSection
	GlobalSection(NestedProjects) = preSolution
		{E07541B6-55FF-4134-B937-1C62821EE5FB} = {4F5F8855-63D0-438A-81F9-EB06DF585635}
		{7F06E53E-178C-4E7E-8F24-061F18AA402A} = {4F5F8855-63D0-438A-81F9-EB06DF585635}
		{AEE1891B-4CF1-4EC1-A3B6-10552F4D569D} = {4F5F8855-63D0-438A-81F9-EB06DF585635}
	EndGlobalSection
EndGlobal
